
Microsoft Visual Studio Solution File, Format Version 12.00
# Visual Studio Version 16
VisualStudioVersion = 16.0.31729.503
MinimumVisualStudioVersion = 10.0.40219.1
Project("{FAE04EC0-301F-11D3-BF4B-00C04F79EFBC}") = "AbstractionHierarchy", "AbstractionHierarchy\AbstractionHierarchy.csproj", "{92F84737-B257-43D2-B587-32DD9D5D8C45}"
EndProject
Global
	GlobalSection(SolutionConfigurationPlatforms) = preSolution
		Debug|Any CPU = Debug|Any CPU
		Release|Any CPU = Release|Any CPU
	EndGlobalSection
	GlobalSection(ProjectConfigurationPlatforms) = postSolution
		{92F84737-B257-43D2-B587-32DD9D5D8C45}.Debug|Any CPU.ActiveCfg = Debug|Any CPU
		{92F84737-B257-43D2-B587-32DD9D5D8C45}.Debug|Any CPU.Build.0 = Debug|Any CPU
		{92F84737-B257-43D2-B587-32DD9D5D8C45}.Release|Any CPU.ActiveCfg = Release|Any CPU
		{92F84737-B257-43D2-B587-32DD9D5D8C45}.Release|Any CPU.Build.0 = Release|Any CPU
	EndGlobalSection
	GlobalSection(SolutionProperties) = preSolution
		HideSolutionNode = FALSE
	EndGlobalSection
	GlobalSection(ExtensibilityGlobals) = postSolution
		SolutionGuid = {7D2BE298-3B1C-4BAB-9C7F-65AD015F73E1}
	EndGlobalSection
EndGlobal
