
Microsoft Visual Studio Solution File, Format Version 12.00
# Visual Studio Version 16
VisualStudioVersion = 16.0.31729.503
MinimumVisualStudioVersion = 10.0.40219.1
Project("{FAE04EC0-301F-11D3-BF4B-00C04F79EFBC}") = "AbstacrtHierachy", "AbstacrtHierachy\AbstacrtHierachy.csproj", "{3F9F3B28-5084-4E06-963A-821BC89FDBD4}"
EndProject
Global
	GlobalSection(SolutionConfigurationPlatforms) = preSolution
		Debug|Any CPU = Debug|Any CPU
		Release|Any CPU = Release|Any CPU
	EndGlobalSection
	GlobalSection(ProjectConfigurationPlatforms) = postSolution
		{3F9F3B28-5084-4E06-963A-821BC89FDBD4}.Debug|Any CPU.ActiveCfg = Debug|Any CPU
		{3F9F3B28-5084-4E06-963A-821BC89FDBD4}.Debug|Any CPU.Build.0 = Debug|Any CPU
		{3F9F3B28-5084-4E06-963A-821BC89FDBD4}.Release|Any CPU.ActiveCfg = Release|Any CPU
		{3F9F3B28-5084-4E06-963A-821BC89FDBD4}.Release|Any CPU.Build.0 = Release|Any CPU
	EndGlobalSection
	GlobalSection(SolutionProperties) = preSolution
		HideSolutionNode = FALSE
	EndGlobalSection
	GlobalSection(ExtensibilityGlobals) = postSolution
		SolutionGuid = {1B84DE75-DEFC-4AC6-AFE9-B7342A5E02CB}
	EndGlobalSection
EndGlobal
